
Microsoft Visual Studio Solution File, Format Version 12.00
# Visual Studio Version 16
VisualStudioVersion = 16.0.30114.105
MinimumVisualStudioVersion = 10.0.40219.1
Project("{FAE04EC0-301F-11D3-BF4B-00C04F79EFBC}") = "Binary converter", "Binary converter.csproj", "{5303439A-5336-45B3-9C87-A2E8A58C340B}"
EndProject
Project("{FAE04EC0-301F-11D3-BF4B-00C04F79EFBC}") = "BinaryConverterTest", "..\BinaryConverterTest\BinaryConverterTest.csproj", "{69DC0646-717D-4A32-BA03-15A6F480F8FD}"
EndProject
Global
	GlobalSection(SolutionConfigurationPlatforms) = preSolution
		Debug|Any CPU = Debug|Any CPU
		Release|Any CPU = Release|Any CPU
	EndGlobalSection
	GlobalSection(ProjectConfigurationPlatforms) = postSolution
		{5303439A-5336-45B3-9C87-A2E8A58C340B}.Debug|Any CPU.ActiveCfg = Debug|Any CPU
		{5303439A-5336-45B3-9C87-A2E8A58C340B}.Debug|Any CPU.Build.0 = Debug|Any CPU
		{5303439A-5336-45B3-9C87-A2E8A58C340B}.Release|Any CPU.ActiveCfg = Release|Any CPU
		{5303439A-5336-45B3-9C87-A2E8A58C340B}.Release|Any CPU.Build.0 = Release|Any CPU
		{69DC0646-717D-4A32-BA03-15A6F480F8FD}.Debug|Any CPU.ActiveCfg = Debug|Any CPU
		{69DC0646-717D-4A32-BA03-15A6F480F8FD}.Debug|Any CPU.Build.0 = Debug|Any CPU
		{69DC0646-717D-4A32-BA03-15A6F480F8FD}.Release|Any CPU.ActiveCfg = Release|Any CPU
		{69DC0646-717D-4A32-BA03-15A6F480F8FD}.Release|Any CPU.Build.0 = Release|Any CPU
	EndGlobalSection
	GlobalSection(SolutionProperties) = preSolution
		HideSolutionNode = FALSE
	EndGlobalSection
	GlobalSection(ExtensibilityGlobals) = postSolution
		SolutionGuid = {70386C92-97C4-401B-BE31-8E9AB0A1B46C}
	EndGlobalSection
EndGlobal
